
Microsoft Visual Studio Solution File, Format Version 12.00
# Visual Studio 15
VisualStudioVersion = 15.0.27130.2036
MinimumVisualStudioVersion = 10.0.40219.1
Project("{9A19103F-16F7-4668-BE54-9A1E7A4F7556}") = "CustomMiddleware", "CustomMiddleware\CustomMiddleware.csproj", "{AF5A5445-FA14-4304-BF45-40C49E8CE771}"
EndProject
Project("{9A19103F-16F7-4668-BE54-9A1E7A4F7556}") = "Sample.WebAPI", "Sample.WebAPI\Sample.WebAPI.csproj", "{63AB14BE-D455-44E4-B6B4-C2DA689A5BC5}"
EndProject
Project("{9A19103F-16F7-4668-BE54-9A1E7A4F7556}") = "CustomMiddleware.Test", "CustomMiddleware.Test\CustomMiddleware.Test.csproj", "{0A8D97E6-17ED-4D09-A2EC-9EA55905F9B1}"
EndProject
Global
	GlobalSection(SolutionConfigurationPlatforms) = preSolution
		Debug|Any CPU = Debug|Any CPU
		Release|Any CPU = Release|Any CPU
	EndGlobalSection
	GlobalSection(ProjectConfigurationPlatforms) = postSolution
		{AF5A5445-FA14-4304-BF45-40C49E8CE771}.Debug|Any CPU.ActiveCfg = Debug|Any CPU
		{AF5A5445-FA14-4304-BF45-40C49E8CE771}.Debug|Any CPU.Build.0 = Debug|Any CPU
		{AF5A5445-FA14-4304-BF45-40C49E8CE771}.Release|Any CPU.ActiveCfg = Release|Any CPU
		{AF5A5445-FA14-4304-BF45-40C49E8CE771}.Release|Any CPU.Build.0 = Release|Any CPU
		{63AB14BE-D455-44E4-B6B4-C2DA689A5BC5}.Debug|Any CPU.ActiveCfg = Debug|Any CPU
		{63AB14BE-D455-44E4-B6B4-C2DA689A5BC5}.Debug|Any CPU.Build.0 = Debug|Any CPU
		{63AB14BE-D455-44E4-B6B4-C2DA689A5BC5}.Release|Any CPU.ActiveCfg = Release|Any CPU
		{63AB14BE-D455-44E4-B6B4-C2DA689A5BC5}.Release|Any CPU.Build.0 = Release|Any CPU
		{0A8D97E6-17ED-4D09-A2EC-9EA55905F9B1}.Debug|Any CPU.ActiveCfg = Debug|Any CPU
		{0A8D97E6-17ED-4D09-A2EC-9EA55905F9B1}.Debug|Any CPU.Build.0 = Debug|Any CPU
		{0A8D97E6-17ED-4D09-A2EC-9EA55905F9B1}.Release|Any CPU.ActiveCfg = Release|Any CPU
		{0A8D97E6-17ED-4D09-A2EC-9EA55905F9B1}.Release|Any CPU.Build.0 = Release|Any CPU
	EndGlobalSection
	GlobalSection(SolutionProperties) = preSolution
		HideSolutionNode = FALSE
	EndGlobalSection
	GlobalSection(ExtensibilityGlobals) = postSolution
		SolutionGuid = {E2C97A3F-CEE3-46F7-B3E4-390786DD3FC4}
	EndGlobalSection
EndGlobal
